
Microsoft Visual Studio Solution File, Format Version 12.00
# Visual Studio Version 16
VisualStudioVersion = 16.0.29806.167
MinimumVisualStudioVersion = 10.0.40219.1
Project("{FAE04EC0-301F-11D3-BF4B-00C04F79EFBC}") = "UnoTest2.UWP", "UnoTest2.UWP\UnoTest2.UWP.csproj", "{E21303D1-D3C2-49FB-A7C5-88942A21A68D}"
EndProject
Project("{FAE04EC0-301F-11D3-BF4B-00C04F79EFBC}") = "UnoTest2.Android", "UnoTest2.Android\UnoTest2.Android.csproj", "{C2DDD1BB-661F-452A-B59F-F0CBF0B1CCFC}"
EndProject
Project("{FAE04EC0-301F-11D3-BF4B-00C04F79EFBC}") = "UnoTest2.iOS", "UnoTest2.iOS\UnoTest2.iOS.csproj", "{68EF4575-FE67-4811-B4DE-6FFEB930C8A6}"
EndProject
Project("{FAE04EC0-301F-11D3-BF4B-00C04F79EFBC}") = "UnoTest2", "UnoTest2\UnoTest2.csproj", "{8D16F24E-12C9-4A71-B4C0-C4D78B87BB12}"
EndProject
Global
	GlobalSection(SolutionConfigurationPlatforms) = preSolution
		Debug|Any CPU = Debug|Any CPU
		Debug|ARM = Debug|ARM
		Debug|iPhone = Debug|iPhone
		Debug|iPhoneSimulator = Debug|iPhoneSimulator
		Debug|x64 = Debug|x64
		Debug|x86 = Debug|x86
		Release|Any CPU = Release|Any CPU
		Release|ARM = Release|ARM
		Release|iPhone = Release|iPhone
		Release|iPhoneSimulator = Release|iPhoneSimulator
		Release|x64 = Release|x64
		Release|x86 = Release|x86
	EndGlobalSection
	GlobalSection(ProjectConfigurationPlatforms) = postSolution
		{E21303D1-D3C2-49FB-A7C5-88942A21A68D}.Debug|Any CPU.ActiveCfg = Debug|x86
		{E21303D1-D3C2-49FB-A7C5-88942A21A68D}.Debug|Any CPU.Build.0 = Debug|x86
		{E21303D1-D3C2-49FB-A7C5-88942A21A68D}.Debug|Any CPU.Deploy.0 = Debug|x86
		{E21303D1-D3C2-49FB-A7C5-88942A21A68D}.Debug|ARM.ActiveCfg = Debug|ARM
		{E21303D1-D3C2-49FB-A7C5-88942A21A68D}.Debug|ARM.Build.0 = Debug|ARM
		{E21303D1-D3C2-49FB-A7C5-88942A21A68D}.Debug|ARM.Deploy.0 = Debug|ARM
		{E21303D1-D3C2-49FB-A7C5-88942A21A68D}.Debug|iPhone.ActiveCfg = Debug|x86
		{E21303D1-D3C2-49FB-A7C5-88942A21A68D}.Debug|iPhone.Build.0 = Debug|x86
		{E21303D1-D3C2-49FB-A7C5-88942A21A68D}.Debug|iPhone.Deploy.0 = Debug|x86
		{E21303D1-D3C2-49FB-A7C5-88942A21A68D}.Debug|iPhoneSimulator.ActiveCfg = Debug|x86
		{E21303D1-D3C2-49FB-A7C5-88942A21A68D}.Debug|iPhoneSimulator.Build.0 = Debug|x86
		{E21303D1-D3C2-49FB-A7C5-88942A21A68D}.Debug|iPhoneSimulator.Deploy.0 = Debug|x86
		{E21303D1-D3C2-49FB-A7C5-88942A21A68D}.Debug|x64.ActiveCfg = Debug|x64
		{E21303D1-D3C2-49FB-A7C5-88942A21A68D}.Debug|x64.Build.0 = Debug|x64
		{E21303D1-D3C2-49FB-A7C5-88942A21A68D}.Debug|x64.Deploy.0 = Debug|x64
		{E21303D1-D3C2-49FB-A7C5-88942A21A68D}.Debug|x86.ActiveCfg = Debug|x86
		{E21303D1-D3C2-49FB-A7C5-88942A21A68D}.Debug|x86.Build.0 = Debug|x86
		{E21303D1-D3C2-49FB-A7C5-88942A21A68D}.Debug|x86.Deploy.0 = Debug|x86
		{E21303D1-D3C2-49FB-A7C5-88942A21A68D}.Release|Any CPU.ActiveCfg = Release|x86
		{E21303D1-D3C2-49FB-A7C5-88942A21A68D}.Release|Any CPU.Build.0 = Release|x86
		{E21303D1-D3C2-49FB-A7C5-88942A21A68D}.Release|Any CPU.Deploy.0 = Release|x86
		{E21303D1-D3C2-49FB-A7C5-88942A21A68D}.Release|ARM.ActiveCfg = Release|ARM
		{E21303D1-D3C2-49FB-A7C5-88942A21A68D}.Release|ARM.Build.0 = Release|ARM
		{E21303D1-D3C2-49FB-A7C5-88942A21A68D}.Release|ARM.Deploy.0 = Release|ARM
		{E21303D1-D3C2-49FB-A7C5-88942A21A68D}.Release|iPhone.ActiveCfg = Release|x86
		{E21303D1-D3C2-49FB-A7C5-88942A21A68D}.Release|iPhone.Build.0 = Release|x86
		{E21303D1-D3C2-49FB-A7C5-88942A21A68D}.Release|iPhone.Deploy.0 = Release|x86
		{E21303D1-D3C2-49FB-A7C5-88942A21A68D}.Release|iPhoneSimulator.ActiveCfg = Release|x86
		{E21303D1-D3C2-49FB-A7C5-88942A21A68D}.Release|iPhoneSimulator.Build.0 = Release|x86
		{E21303D1-D3C2-49FB-A7C5-88942A21A68D}.Release|iPhoneSimulator.Deploy.0 = Release|x86
		{E21303D1-D3C2-49FB-A7C5-88942A21A68D}.Release|x64.ActiveCfg = Release|x64
		{E21303D1-D3C2-49FB-A7C5-88942A21A68D}.Release|x64.Build.0 = Release|x64
		{E21303D1-D3C2-49FB-A7C5-88942A21A68D}.Release|x64.Deploy.0 = Release|x64
		{E21303D1-D3C2-49FB-A7C5-88942A21A68D}.Release|x86.ActiveCfg = Release|x86
		{E21303D1-D3C2-49FB-A7C5-88942A21A68D}.Release|x86.Build.0 = Release|x86
		{E21303D1-D3C2-49FB-A7C5-88942A21A68D}.Release|x86.Deploy.0 = Release|x86
		{C2DDD1BB-661F-452A-B59F-F0CBF0B1CCFC}.Debug|Any CPU.ActiveCfg = Debug|Any CPU
		{C2DDD1BB-661F-452A-B59F-F0CBF0B1CCFC}.Debug|Any CPU.Build.0 = Debug|Any CPU
		{C2DDD1BB-661F-452A-B59F-F0CBF0B1CCFC}.Debug|Any CPU.Deploy.0 = Debug|Any CPU
		{C2DDD1BB-661F-452A-B59F-F0CBF0B1CCFC}.Debug|ARM.ActiveCfg = Debug|Any CPU
		{C2DDD1BB-661F-452A-B59F-F0CBF0B1CCFC}.Debug|ARM.Build.0 = Debug|Any CPU
		{C2DDD1BB-661F-452A-B59F-F0CBF0B1CCFC}.Debug|ARM.Deploy.0 = Debug|Any CPU
		{C2DDD1BB-661F-452A-B59F-F0CBF0B1CCFC}.Debug|iPhone.ActiveCfg = Debug|Any CPU
		{C2DDD1BB-661F-452A-B59F-F0CBF0B1CCFC}.Debug|iPhone.Build.0 = Debug|Any CPU
		{C2DDD1BB-661F-452A-B59F-F0CBF0B1CCFC}.Debug|iPhone.Deploy.0 = Debug|Any CPU
		{C2DDD1BB-661F-452A-B59F-F0CBF0B1CCFC}.Debug|iPhoneSimulator.ActiveCfg = Debug|Any CPU
		{C2DDD1BB-661F-452A-B59F-F0CBF0B1CCFC}.Debug|iPhoneSimulator.Build.0 = Debug|Any CPU
		{C2DDD1BB-661F-452A-B59F-F0CBF0B1CCFC}.Debug|iPhoneSimulator.Deploy.0 = Debug|Any CPU
		{C2DDD1BB-661F-452A-B59F-F0CBF0B1CCFC}.Debug|x64.ActiveCfg = Debug|Any CPU
		{C2DDD1BB-661F-452A-B59F-F0CBF0B1CCFC}.Debug|x64.Build.0 = Debug|Any CPU
		{C2DDD1BB-661F-452A-B59F-F0CBF0B1CCFC}.Debug|x64.Deploy.0 = Debug|Any CPU
		{C2DDD1BB-661F-452A-B59F-F0CBF0B1CCFC}.Debug|x86.ActiveCfg = Debug|Any CPU
		{C2DDD1BB-661F-452A-B59F-F0CBF0B1CCFC}.Debug|x86.Build.0 = Debug|Any CPU
		{C2DDD1BB-661F-452A-B59F-F0CBF0B1CCFC}.Debug|x86.Deploy.0 = Debug|Any CPU
		{C2DDD1BB-661F-452A-B59F-F0CBF0B1CCFC}.Release|Any CPU.ActiveCfg = Release|Any CPU
		{C2DDD1BB-661F-452A-B59F-F0CBF0B1CCFC}.Release|Any CPU.Build.0 = Release|Any CPU
		{C2DDD1BB-661F-452A-B59F-F0CBF0B1CCFC}.Release|Any CPU.Deploy.0 = Release|Any CPU
		{C2DDD1BB-661F-452A-B59F-F0CBF0B1CCFC}.Release|ARM.ActiveCfg = Release|Any CPU
		{C2DDD1BB-661F-452A-B59F-F0CBF0B1CCFC}.Release|ARM.Build.0 = Release|Any CPU
		{C2DDD1BB-661F-452A-B59F-F0CBF0B1CCFC}.Release|ARM.Deploy.0 = Release|Any CPU
		{C2DDD1BB-661F-452A-B59F-F0CBF0B1CCFC}.Release|iPhone.ActiveCfg = Release|Any CPU
		{C2DDD1BB-661F-452A-B59F-F0CBF0B1CCFC}.Release|iPhone.Build.0 = Release|Any CPU
		{C2DDD1BB-661F-452A-B59F-F0CBF0B1CCFC}.Release|iPhone.Deploy.0 = Release|Any CPU
		{C2DDD1BB-661F-452A-B59F-F0CBF0B1CCFC}.Release|iPhoneSimulator.ActiveCfg = Release|Any CPU
		{C2DDD1BB-661F-452A-B59F-F0CBF0B1CCFC}.Release|iPhoneSimulator.Build.0 = Release|Any CPU
		{C2DDD1BB-661F-452A-B59F-F0CBF0B1CCFC}.Release|iPhoneSimulator.Deploy.0 = Release|Any CPU
		{C2DDD1BB-661F-452A-B59F-F0CBF0B1CCFC}.Release|x64.ActiveCfg = Release|Any CPU
		{C2DDD1BB-661F-452A-B59F-F0CBF0B1CCFC}.Release|x64.Build.0 = Release|Any CPU
		{C2DDD1BB-661F-452A-B59F-F0CBF0B1CCFC}.Release|x64.Deploy.0 = Release|Any CPU
		{C2DDD1BB-661F-452A-B59F-F0CBF0B1CCFC}.Release|x86.ActiveCfg = Release|Any CPU
		{C2DDD1BB-661F-452A-B59F-F0CBF0B1CCFC}.Release|x86.Build.0 = Release|Any CPU
		{C2DDD1BB-661F-452A-B59F-F0CBF0B1CCFC}.Release|x86.Deploy.0 = Release|Any CPU
		{68EF4575-FE67-4811-B4DE-6FFEB930C8A6}.Debug|Any CPU.ActiveCfg = Debug|iPhone
		{68EF4575-FE67-4811-B4DE-6FFEB930C8A6}.Debug|Any CPU.Build.0 = Debug|iPhone
		{68EF4575-FE67-4811-B4DE-6FFEB930C8A6}.Debug|Any CPU.Deploy.0 = Debug|iPhone
		{68EF4575-FE67-4811-B4DE-6FFEB930C8A6}.Debug|ARM.ActiveCfg = Debug|iPhoneSimulator
		{68EF4575-FE67-4811-B4DE-6FFEB930C8A6}.Debug|ARM.Build.0 = Debug|iPhoneSimulator
		{68EF4575-FE67-4811-B4DE-6FFEB930C8A6}.Debug|ARM.Deploy.0 = Debug|iPhoneSimulator
		{68EF4575-FE67-4811-B4DE-6FFEB930C8A6}.Debug|iPhone.ActiveCfg = Debug|iPhone
		{68EF4575-FE67-4811-B4DE-6FFEB930C8A6}.Debug|iPhone.Build.0 = Debug|iPhone
		{68EF4575-FE67-4811-B4DE-6FFEB930C8A6}.Debug|iPhone.Deploy.0 = Debug|iPhone
		{68EF4575-FE67-4811-B4DE-6FFEB930C8A6}.Debug|iPhoneSimulator.ActiveCfg = Debug|iPhoneSimulator
		{68EF4575-FE67-4811-B4DE-6FFEB930C8A6}.Debug|iPhoneSimulator.Build.0 = Debug|iPhoneSimulator
		{68EF4575-FE67-4811-B4DE-6FFEB930C8A6}.Debug|iPhoneSimulator.Deploy.0 = Debug|iPhoneSimulator
		{68EF4575-FE67-4811-B4DE-6FFEB930C8A6}.Debug|x64.ActiveCfg = Debug|iPhone
		{68EF4575-FE67-4811-B4DE-6FFEB930C8A6}.Debug|x64.Build.0 = Debug|iPhone
		{68EF4575-FE67-4811-B4DE-6FFEB930C8A6}.Debug|x64.Deploy.0 = Debug|iPhone
		{68EF4575-FE67-4811-B4DE-6FFEB930C8A6}.Debug|x86.ActiveCfg = Debug|iPhone
		{68EF4575-FE67-4811-B4DE-6FFEB930C8A6}.Debug|x86.Build.0 = Debug|iPhone
		{68EF4575-FE67-4811-B4DE-6FFEB930C8A6}.Debug|x86.Deploy.0 = Debug|iPhone
		{68EF4575-FE67-4811-B4DE-6FFEB930C8A6}.Release|Any CPU.ActiveCfg = Release|iPhone
		{68EF4575-FE67-4811-B4DE-6FFEB930C8A6}.Release|Any CPU.Build.0 = Release|iPhone
		{68EF4575-FE67-4811-B4DE-6FFEB930C8A6}.Release|Any CPU.Deploy.0 = Release|iPhone
		{68EF4575-FE67-4811-B4DE-6FFEB930C8A6}.Release|ARM.ActiveCfg = Release|iPhone
		{68EF4575-FE67-4811-B4DE-6FFEB930C8A6}.Release|ARM.Build.0 = Release|iPhone
		{68EF4575-FE67-4811-B4DE-6FFEB930C8A6}.Release|ARM.Deploy.0 = Release|iPhone
		{68EF4575-FE67-4811-B4DE-6FFEB930C8A6}.Release|iPhone.ActiveCfg = Release|iPhone
		{68EF4575-FE67-4811-B4DE-6FFEB930C8A6}.Release|iPhone.Build.0 = Release|iPhone
		{68EF4575-FE67-4811-B4DE-6FFEB930C8A6}.Release|iPhone.Deploy.0 = Release|iPhone
		{68EF4575-FE67-4811-B4DE-6FFEB930C8A6}.Release|iPhoneSimulator.ActiveCfg = Release|iPhoneSimulator
		{68EF4575-FE67-4811-B4DE-6FFEB930C8A6}.Release|iPhoneSimulator.Build.0 = Release|iPhoneSimulator
		{68EF4575-FE67-4811-B4DE-6FFEB930C8A6}.Release|iPhoneSimulator.Deploy.0 = Release|iPhoneSimulator
		{68EF4575-FE67-4811-B4DE-6FFEB930C8A6}.Release|x64.ActiveCfg = Release|iPhone
		{68EF4575-FE67-4811-B4DE-6FFEB930C8A6}.Release|x64.Build.0 = Release|iPhone
		{68EF4575-FE67-4811-B4DE-6FFEB930C8A6}.Release|x64.Deploy.0 = Release|iPhone
		{68EF4575-FE67-4811-B4DE-6FFEB930C8A6}.Release|x86.ActiveCfg = Release|iPhone
		{68EF4575-FE67-4811-B4DE-6FFEB930C8A6}.Release|x86.Build.0 = Release|iPhone
		{68EF4575-FE67-4811-B4DE-6FFEB930C8A6}.Release|x86.Deploy.0 = Release|iPhone
		{8D16F24E-12C9-4A71-B4C0-C4D78B87BB12}.Debug|Any CPU.ActiveCfg = Debug|Any CPU
		{8D16F24E-12C9-4A71-B4C0-C4D78B87BB12}.Debug|Any CPU.Build.0 = Debug|Any CPU
		{8D16F24E-12C9-4A71-B4C0-C4D78B87BB12}.Debug|Any CPU.Deploy.0 = Debug|Any CPU
		{8D16F24E-12C9-4A71-B4C0-C4D78B87BB12}.Debug|ARM.ActiveCfg = Debug|Any CPU
		{8D16F24E-12C9-4A71-B4C0-C4D78B87BB12}.Debug|ARM.Build.0 = Debug|Any CPU
		{8D16F24E-12C9-4A71-B4C0-C4D78B87BB12}.Debug|ARM.Deploy.0 = Debug|Any CPU
		{8D16F24E-12C9-4A71-B4C0-C4D78B87BB12}.Debug|iPhone.ActiveCfg = Debug|Any CPU
		{8D16F24E-12C9-4A71-B4C0-C4D78B87BB12}.Debug|iPhone.Build.0 = Debug|Any CPU
		{8D16F24E-12C9-4A71-B4C0-C4D78B87BB12}.Debug|iPhone.Deploy.0 = Debug|Any CPU
		{8D16F24E-12C9-4A71-B4C0-C4D78B87BB12}.Debug|iPhoneSimulator.ActiveCfg = Debug|Any CPU
		{8D16F24E-12C9-4A71-B4C0-C4D78B87BB12}.Debug|iPhoneSimulator.Build.0 = Debug|Any CPU
		{8D16F24E-12C9-4A71-B4C0-C4D78B87BB12}.Debug|iPhoneSimulator.Deploy.0 = Debug|Any CPU
		{8D16F24E-12C9-4A71-B4C0-C4D78B87BB12}.Debug|x64.ActiveCfg = Debug|Any CPU
		{8D16F24E-12C9-4A71-B4C0-C4D78B87BB12}.Debug|x64.Build.0 = Debug|Any CPU
		{8D16F24E-12C9-4A71-B4C0-C4D78B87BB12}.Debug|x64.Deploy.0 = Debug|Any CPU
		{8D16F24E-12C9-4A71-B4C0-C4D78B87BB12}.Debug|x86.ActiveCfg = Debug|Any CPU
		{8D16F24E-12C9-4A71-B4C0-C4D78B87BB12}.Debug|x86.Build.0 = Debug|Any CPU
		{8D16F24E-12C9-4A71-B4C0-C4D78B87BB12}.Debug|x86.Deploy.0 = Debug|Any CPU
		{8D16F24E-12C9-4A71-B4C0-C4D78B87BB12}.Release|Any CPU.ActiveCfg = Release|Any CPU
		{8D16F24E-12C9-4A71-B4C0-C4D78B87BB12}.Release|Any CPU.Build.0 = Release|Any CPU
		{8D16F24E-12C9-4A71-B4C0-C4D78B87BB12}.Release|Any CPU.Deploy.0 = Release|Any CPU
		{8D16F24E-12C9-4A71-B4C0-C4D78B87BB12}.Release|ARM.ActiveCfg = Release|Any CPU
		{8D16F24E-12C9-4A71-B4C0-C4D78B87BB12}.Release|ARM.Build.0 = Release|Any CPU
		{8D16F24E-12C9-4A71-B4C0-C4D78B87BB12}.Release|ARM.Deploy.0 = Release|Any CPU
		{8D16F24E-12C9-4A71-B4C0-C4D78B87BB12}.Release|iPhone.ActiveCfg = Release|Any CPU
		{8D16F24E-12C9-4A71-B4C0-C4D78B87BB12}.Release|iPhone.Build.0 = Release|Any CPU
		{8D16F24E-12C9-4A71-B4C0-C4D78B87BB12}.Release|iPhone.Deploy.0 = Release|Any CPU
		{8D16F24E-12C9-4A71-B4C0-C4D78B87BB12}.Release|iPhoneSimulator.ActiveCfg = Release|Any CPU
		{8D16F24E-12C9-4A71-B4C0-C4D78B87BB12}.Release|iPhoneSimulator.Build.0 = Release|Any CPU
		{8D16F24E-12C9-4A71-B4C0-C4D78B87BB12}.Release|iPhoneSimulator.Deploy.0 = Release|Any CPU
		{8D16F24E-12C9-4A71-B4C0-C4D78B87BB12}.Release|x64.ActiveCfg = Release|Any CPU
		{8D16F24E-12C9-4A71-B4C0-C4D78B87BB12}.Release|x64.Build.0 = Release|Any CPU
		{8D16F24E-12C9-4A71-B4C0-C4D78B87BB12}.Release|x64.Deploy.0 = Release|Any CPU
		{8D16F24E-12C9-4A71-B4C0-C4D78B87BB12}.Release|x86.ActiveCfg = Release|Any CPU
		{8D16F24E-12C9-4A71-B4C0-C4D78B87BB12}.Release|x86.Build.0 = Release|Any CPU
		{8D16F24E-12C9-4A71-B4C0-C4D78B87BB12}.Release|x86.Deploy.0 = Release|Any CPU
	EndGlobalSection
	GlobalSection(SolutionProperties) = preSolution
		HideSolutionNode = FALSE
	EndGlobalSection
	GlobalSection(ExtensibilityGlobals) = postSolution
		SolutionGuid = {840672C0-A620-4971-8E93-BD7C5F7AEAF6}
	EndGlobalSection
EndGlobal
